// !$*UTF8*$!
{
	archiveVersion = 1;
	classes = {
	};
	objectVersion = 46;
	objects = {

/* Begin PBXBuildFile section */
		382C1CC91F300639000147FB /* AppDelegate.swift in Sources */ = {isa = PBXBuildFile; fileRef = 382C1CC81F300639000147FB /* AppDelegate.swift */; };
		382C1CCB1F300639000147FB /* ViewController.swift in Sources */ = {isa = PBXBuildFile; fileRef = 382C1CCA1F300639000147FB /* ViewController.swift */; };
		382C1CCE1F300639000147FB /* Main.storyboard in Resources */ = {isa = PBXBuildFile; fileRef = 382C1CCC1F300639000147FB /* Main.storyboard */; };
		382C1CD01F300639000147FB /* Assets.xcassets in Resources */ = {isa = PBXBuildFile; fileRef = 382C1CCF1F300639000147FB /* Assets.xcassets */; };
		382C1CD31F300639000147FB /* LaunchScreen.storyboard in Resources */ = {isa = PBXBuildFile; fileRef = 382C1CD11F300639000147FB /* LaunchScreen.storyboard */; };
		382C1CDB1F300A53000147FB /* Cartfile in Resources */ = {isa = PBXBuildFile; fileRef = 382C1CDA1F300A53000147FB /* Cartfile */; };
		3871BEF71F32C43E005BEEB9 /* AFNetworking.framework in Frameworks */ = {isa = PBXBuildFile; fileRef = 3871BEF61F32C43E005BEEB9 /* AFNetworking.framework */; };
		3871BEF81F32C43E005BEEB9 /* AFNetworking.framework in Embed Frameworks */ = {isa = PBXBuildFile; fileRef = 3871BEF61F32C43E005BEEB9 /* AFNetworking.framework */; settings = {ATTRIBUTES = (CodeSignOnCopy, RemoveHeadersOnCopy, ); }; };
		38E8965F1F3419CB00E65019 /* SwiftyJSON.framework in Frameworks */ = {isa = PBXBuildFile; fileRef = 38E8965E1F3419CB00E65019 /* SwiftyJSON.framework */; };
		38E896601F3419CB00E65019 /* SwiftyJSON.framework in Embed Frameworks */ = {isa = PBXBuildFile; fileRef = 38E8965E1F3419CB00E65019 /* SwiftyJSON.framework */; settings = {ATTRIBUTES = (CodeSignOnCopy, RemoveHeadersOnCopy, ); }; };
		38E896621F341C1500E65019 /* SwiftyJSON.swift in Sources */ = {isa = PBXBuildFile; fileRef = 38E896611F341C1500E65019 /* SwiftyJSON.swift */; };
/* End PBXBuildFile section */

/* Begin PBXCopyFilesBuildPhase section */
		3871BEF91F32C43E005BEEB9 /* Embed Frameworks */ = {
			isa = PBXCopyFilesBuildPhase;
			buildActionMask = 2147483647;
			dstPath = "";
			dstSubfolderSpec = 10;
			files = (
				38E896601F3419CB00E65019 /* SwiftyJSON.framework in Embed Frameworks */,
				3871BEF81F32C43E005BEEB9 /* AFNetworking.framework in Embed Frameworks */,
			);
			name = "Embed Frameworks";
			runOnlyForDeploymentPostprocessing = 0;
		};
/* End PBXCopyFilesBuildPhase section */

/* Begin PBXFileReference section */
		382C1CC51F300639000147FB /* Web Service Example.app */ = {isa = PBXFileReference; explicitFileType = wrapper.application; includeInIndex = 0; path = "Web Service Example.app"; sourceTree = BUILT_PRODUCTS_DIR; };
		382C1CC81F300639000147FB /* AppDelegate.swift */ = {isa = PBXFileReference; lastKnownFileType = sourcecode.swift; path = AppDelegate.swift; sourceTree = "<group>"; };
		382C1CCA1F300639000147FB /* ViewController.swift */ = {isa = PBXFileReference; lastKnownFileType = sourcecode.swift; path = ViewController.swift; sourceTree = "<group>"; };
		382C1CCD1F300639000147FB /* Base */ = {isa = PBXFileReference; lastKnownFileType = file.storyboard; name = Base; path = Base.lproj/Main.storyboard; sourceTree = "<group>"; };
		382C1CCF1F300639000147FB /* Assets.xcassets */ = {isa = PBXFileReference; lastKnownFileType = folder.assetcatalog; path = Assets.xcassets; sourceTree = "<group>"; };
		382C1CD21F300639000147FB /* Base */ = {isa = PBXFileReference; lastKnownFileType = file.storyboard; name = Base; path = Base.lproj/LaunchScreen.storyboard; sourceTree = "<group>"; };
		382C1CD41F300639000147FB /* Info.plist */ = {isa = PBXFileReference; lastKnownFileType = text.plist.xml; path = Info.plist; sourceTree = "<group>"; };
		382C1CDA1F300A53000147FB /* Cartfile */ = {isa = PBXFileReference; fileEncoding = 4; lastKnownFileType = text; path = Cartfile; sourceTree = "<group>"; };
		3871BEF01F329D45005BEEB9 /* AFNetworking.framework */ = {isa = PBXFileReference; lastKnownFileType = wrapper.framework; name = AFNetworking.framework; path = "Web Service Example/Carthage/Build/iOS/AFNetworking.framework"; sourceTree = "<group>"; };
		3871BEF21F32A119005BEEB9 /* bridge.h */ = {isa = PBXFileReference; lastKnownFileType = sourcecode.c.h; path = bridge.h; sourceTree = "<group>"; };
		3871BEF61F32C43E005BEEB9 /* AFNetworking.framework */ = {isa = PBXFileReference; lastKnownFileType = wrapper.framework; name = AFNetworking.framework; path = "Web Service Example/Carthage/Build/iOS/AFNetworking.framework"; sourceTree = "<group>"; };
		38E8965E1F3419CB00E65019 /* SwiftyJSON.framework */ = {isa = PBXFileReference; lastKnownFileType = wrapper.framework; name = SwiftyJSON.framework; path = "Web Service Example/Carthage/Build/iOS/SwiftyJSON.framework"; sourceTree = "<group>"; };
		38E896611F341C1500E65019 /* SwiftyJSON.swift */ = {isa = PBXFileReference; fileEncoding = 4; lastKnownFileType = sourcecode.swift; path = SwiftyJSON.swift; sourceTree = "<group>"; };
/* End PBXFileReference section */

/* Begin PBXFrameworksBuildPhase section */
		382C1CC21F300639000147FB /* Frameworks */ = {
			isa = PBXFrameworksBuildPhase;
			buildActionMask = 2147483647;
			files = (
				38E8965F1F3419CB00E65019 /* SwiftyJSON.framework in Frameworks */,
				3871BEF71F32C43E005BEEB9 /* AFNetworking.framework in Frameworks */,
			);
			runOnlyForDeploymentPostprocessing = 0;
		};
/* End PBXFrameworksBuildPhase section */

/* Begin PBXGroup section */
		382C1CBC1F300639000147FB = {
			isa = PBXGroup;
			children = (
				38E8965E1F3419CB00E65019 /* SwiftyJSON.framework */,
				3871BEF61F32C43E005BEEB9 /* AFNetworking.framework */,
				3871BEF21F32A119005BEEB9 /* bridge.h */,
				382C1CC71F300639000147FB /* Web Service Example */,
				382C1CC61F300639000147FB /* Products */,
				3871BEEF1F329D45005BEEB9 /* Frameworks */,
			);
			sourceTree = "<group>";
		};
		382C1CC61F300639000147FB /* Products */ = {
			isa = PBXGroup;
			children = (
				382C1CC51F300639000147FB /* Web Service Example.app */,
			);
			name = Products;
			sourceTree = "<group>";
		};
		382C1CC71F300639000147FB /* Web Service Example */ = {
			isa = PBXGroup;
			children = (
				38E896611F341C1500E65019 /* SwiftyJSON.swift */,
				382C1CC81F300639000147FB /* AppDelegate.swift */,
				382C1CCA1F300639000147FB /* ViewController.swift */,
				382C1CCC1F300639000147FB /* Main.storyboard */,
				382C1CDA1F300A53000147FB /* Cartfile */,
				382C1CCF1F300639000147FB /* Assets.xcassets */,
				382C1CD11F300639000147FB /* LaunchScreen.storyboard */,
				382C1CD41F300639000147FB /* Info.plist */,
			);
			path = "Web Service Example";
			sourceTree = "<group>";
		};
		3871BEEF1F329D45005BEEB9 /* Frameworks */ = {
			isa = PBXGroup;
			children = (
				3871BEF01F329D45005BEEB9 /* AFNetworking.framework */,
			);
			name = Frameworks;
			sourceTree = "<group>";
		};
/* End PBXGroup section */

/* Begin PBXNativeTarget section */
		382C1CC41F300639000147FB /* Web Service Example */ = {
			isa = PBXNativeTarget;
			buildConfigurationList = 382C1CD71F300639000147FB /* Build configuration list for PBXNativeTarget "Web Service Example" */;
			buildPhases = (
				382C1CC11F300639000147FB /* Sources */,
				382C1CC21F300639000147FB /* Frameworks */,
				382C1CC31F300639000147FB /* Resources */,
				3871BEF91F32C43E005BEEB9 /* Embed Frameworks */,
			);
			buildRules = (
			);
			dependencies = (
			);
			name = "Web Service Example";
			productName = "Web Service Example";
			productReference = 382C1CC51F300639000147FB /* Web Service Example.app */;
			productType = "com.apple.product-type.application";
		};
/* End PBXNativeTarget section */

/* Begin PBXProject section */
		382C1CBD1F300639000147FB /* Project object */ = {
			isa = PBXProject;
			attributes = {
				LastSwiftUpdateCheck = 0830;
				LastUpgradeCheck = 0830;
				ORGANIZATIONNAME = "Aanya Jhaveri";
				TargetAttributes = {
					382C1CC41F300639000147FB = {
						CreatedOnToolsVersion = 8.3.3;
						ProvisioningStyle = Automatic;
					};
				};
			};
			buildConfigurationList = 382C1CC01F300639000147FB /* Build configuration list for PBXProject "Web Service Example" */;
			compatibilityVersion = "Xcode 3.2";
			developmentRegion = English;
			hasScannedForEncodings = 0;
			knownRegions = (
				en,
				Base,
			);
			mainGroup = 382C1CBC1F300639000147FB;
			productRefGroup = 382C1CC61F300639000147FB /* Products */;
			projectDirPath = "";
			projectRoot = "";
			targets = (
				382C1CC41F300639000147FB /* Web Service Example */,
			);
		};
/* End PBXProject section */

/* Begin PBXResourcesBuildPhase section */
		382C1CC31F300639000147FB /* Resources */ = {
			isa = PBXResourcesBuildPhase;
			buildActionMask = 2147483647;
			files = (
				382C1CD31F300639000147FB /* LaunchScreen.storyboard in Resources */,
				382C1CD01F300639000147FB /* Assets.xcassets in Resources */,
				382C1CDB1F300A53000147FB /* Cartfile in Resources */,
				382C1CCE1F300639000147FB /* Main.storyboard in Resources */,
			);
			runOnlyForDeploymentPostprocessing = 0;
		};
/* End PBXResourcesBuildPhase section */

/* Begin PBXSourcesBuildPhase section */
		382C1CC11F300639000147FB /* Sources */ = {
			isa = PBXSourcesBuildPhase;
			buildActionMask = 2147483647;
			files = (
				38E896621F341C1500E65019 /* SwiftyJSON.swift in Sources */,
				382C1CCB1F300639000147FB /* ViewController.swift in Sources */,
				382C1CC91F300639000147FB /* AppDelegate.swift in Sources */,
			);
			runOnlyForDeploymentPostprocessing = 0;
		};
/* End PBXSourcesBuildPhase section */

/* Begin PBXVariantGroup section */
		382C1CCC1F300639000147FB /* Main.storyboard */ = {
			isa = PBXVariantGroup;
			children = (
				382C1CCD1F300639000147FB /* Base */,
			);
			name = Main.storyboard;
			sourceTree = "<group>";
		};
		382C1CD11F300639000147FB /* LaunchScreen.storyboard */ = {
			isa = PBXVariantGroup;
			children = (
				382C1CD21F300639000147FB /* Base */,
			);
			name = LaunchScreen.storyboard;
			sourceTree = "<group>";
		};
/* End PBXVariantGroup section */

/* Begin XCBuildConfiguration section */
		382C1CD51F300639000147FB /* Debug */ = {
			isa = XCBuildConfiguration;
			buildSettings = {
				ALWAYS_SEARCH_USER_PATHS = NO;
				CLANG_ANALYZER_NONNULL = YES;
				CLANG_ANALYZER_NUMBER_OBJECT_CONVERSION = YES_AGGRESSIVE;
				CLANG_CXX_LANGUAGE_STANDARD = "gnu++0x";
				CLANG_CXX_LIBRARY = "libc++";
				CLANG_ENABLE_MODULES = YES;
				CLANG_ENABLE_OBJC_ARC = YES;
				CLANG_WARN_BOOL_CONVERSION = YES;
				CLANG_WARN_CONSTANT_CONVERSION = YES;
				CLANG_WARN_DIRECT_OBJC_ISA_USAGE = YES_ERROR;
				CLANG_WARN_DOCUMENTATION_COMMENTS = YES;
				CLANG_WARN_EMPTY_BODY = YES;
				CLANG_WARN_ENUM_CONVERSION = YES;
				CLANG_WARN_INFINITE_RECURSION = YES;
				CLANG_WARN_INT_CONVERSION = YES;
				CLANG_WARN_OBJC_ROOT_CLASS = YES_ERROR;
				CLANG_WARN_SUSPICIOUS_MOVE = YES;
				CLANG_WARN_UNREACHABLE_CODE = YES;
				CLANG_WARN__DUPLICATE_METHOD_MATCH = YES;
				"CODE_SIGN_IDENTITY[sdk=iphoneos*]" = "iPhone Developer";
				COPY_PHASE_STRIP = NO;
				DEBUG_INFORMATION_FORMAT = dwarf;
				DEFINES_MODULE = YES;
				ENABLE_STRICT_OBJC_MSGSEND = YES;
				ENABLE_TESTABILITY = YES;
				FRAMEWORK_SEARCH_PATHS = "$(SRCROOT)/**";
				GCC_C_LANGUAGE_STANDARD = gnu99;
				GCC_DYNAMIC_NO_PIC = NO;
				GCC_NO_COMMON_BLOCKS = YES;
				GCC_OPTIMIZATION_LEVEL = 0;
				GCC_PREPROCESSOR_DEFINITIONS = (
					"DEBUG=1",
					"$(inherited)",
				);
				GCC_WARN_64_TO_32_BIT_CONVERSION = YES;
				GCC_WARN_ABOUT_RETURN_TYPE = YES_ERROR;
				GCC_WARN_UNDECLARED_SELECTOR = YES;
				GCC_WARN_UNINITIALIZED_AUTOS = YES_AGGRESSIVE;
				GCC_WARN_UNUSED_FUNCTION = YES;
				GCC_WARN_UNUSED_VARIABLE = YES;
				IPHONEOS_DEPLOYMENT_TARGET = 10.3;
				MTL_ENABLE_DEBUG_INFO = YES;
				ONLY_ACTIVE_ARCH = YES;
				SDKROOT = iphoneos;
				SWIFT_ACTIVE_COMPILATION_CONDITIONS = DEBUG;
				SWIFT_OBJC_BRIDGING_HEADER = bridge.h;
				SWIFT_OPTIMIZATION_LEVEL = "-Onone";
				TARGETED_DEVICE_FAMILY = "1,2";
			};
			name = Debug;
		};
		382C1CD61F300639000147FB /* Release */ = {
			isa = XCBuildConfiguration;
			buildSettings = {
				ALWAYS_SEARCH_USER_PATHS = NO;
				CLANG_ANALYZER_NONNULL = YES;
				CLANG_ANALYZER_NUMBER_OBJECT_CONVERSION = YES_AGGRESSIVE;
				CLANG_CXX_LANGUAGE_STANDARD = "gnu++0x";
				CLANG_CXX_LIBRARY = "libc++";
				CLANG_ENABLE_MODULES = YES;
				CLANG_ENABLE_OBJC_ARC = YES;
				CLANG_WARN_BOOL_CONVERSION = YES;
				CLANG_WARN_CONSTANT_CONVERSION = YES;
				CLANG_WARN_DIRECT_OBJC_ISA_USAGE = YES_ERROR;
				CLANG_WARN_DOCUMENTATION_COMMENTS = YES;
				CLANG_WARN_EMPTY_BODY = YES;
				CLANG_WARN_ENUM_CONVERSION = YES;
				CLANG_WARN_INFINITE_RECURSION = YES;
				CLANG_WARN_INT_CONVERSION = YES;
				CLANG_WARN_OBJC_ROOT_CLASS = YES_ERROR;
				CLANG_WARN_SUSPICIOUS_MOVE = YES;
				CLANG_WARN_UNREACHABLE_CODE = YES;
				CLANG_WARN__DUPLICATE_METHOD_MATCH = YES;
				"CODE_SIGN_IDENTITY[sdk=iphoneos*]" = "iPhone Developer";
				COPY_PHASE_STRIP = NO;
				DEBUG_INFORMATION_FORMAT = "dwarf-with-dsym";
				DEFINES_MODULE = YES;
				ENABLE_NS_ASSERTIONS = NO;
				ENABLE_STRICT_OBJC_MSGSEND = YES;
				FRAMEWORK_SEARCH_PATHS = "$(SRCROOT)/**";
				GCC_C_LANGUAGE_STANDARD = gnu99;
				GCC_NO_COMMON_BLOCKS = YES;
				GCC_WARN_64_TO_32_BIT_CONVERSION = YES;
				GCC_WARN_ABOUT_RETURN_TYPE = YES_ERROR;
				GCC_WARN_UNDECLARED_SELECTOR = YES;
				GCC_WARN_UNINITIALIZED_AUTOS = YES_AGGRESSIVE;
				GCC_WARN_UNUSED_FUNCTION = YES;
				GCC_WARN_UNUSED_VARIABLE = YES;
				IPHONEOS_DEPLOYMENT_TARGET = 10.3;
				MTL_ENABLE_DEBUG_INFO = NO;
				SDKROOT = iphoneos;
				SWIFT_OBJC_BRIDGING_HEADER = bridge.h;
				SWIFT_OPTIMIZATION_LEVEL = "-Owholemodule";
				TARGETED_DEVICE_FAMILY = "1,2";
				VALIDATE_PRODUCT = YES;
			};
			name = Release;
		};
		382C1CD81F300639000147FB /* Debug */ = {
			isa = XCBuildConfiguration;
			buildSettings = {
				ASSETCATALOG_COMPILER_APPICON_NAME = AppIcon;
				DEFINES_MODULE = YES;
				FRAMEWORK_SEARCH_PATHS = (
					"$(inherited)",
					"$(PROJECT_DIR)/Web\\ Service\\ Example/Carthage/Build/iOS",
					"$(PROJECT_DIR)/Web\\ Service\\ Example/Carthage/Build/iOS",
					"$(PROJECT_DIR)/Web\\ Service\\ Example/Carthage/Build/iOS",
					"$(PROJECT_DIR)/Web\\ Service\\ Example/Carthage/Build/iOS",
					"$(PROJECT_DIR)/Web\\ Service\\ Example/Carthage/Build/iOS",
				);
				INFOPLIST_FILE = "Web Service Example/Info.plist";
				LD_RUNPATH_SEARCH_PATHS = "$(inherited) @executable_path/Frameworks";
				PRODUCT_BUNDLE_IDENTIFIER = "com.aanyajhaveri.Web-Service-Example";
				PRODUCT_NAME = "$(TARGET_NAME)";
				SWIFT_OBJC_BRIDGING_HEADER = bridge.h;
				SWIFT_VERSION = 3.0;
			};
			name = Debug;
		};
		382C1CD91F300639000147FB /* Release */ = {
			isa = XCBuildConfiguration;
			buildSettings = {
				ASSETCATALOG_COMPILER_APPICON_NAME = AppIcon;
				DEFINES_MODULE = YES;
				FRAMEWORK_SEARCH_PATHS = (
					"$(inherited)",
					"$(PROJECT_DIR)/Web\\ Service\\ Example/Carthage/Build/iOS",
					"$(PROJECT_DIR)/Web\\ Service\\ Example/Carthage/Build/iOS",
					"$(PROJECT_DIR)/Web\\ Service\\ Example/Carthage/Build/iOS",
					"$(PROJECT_DIR)/Web\\ Service\\ Example/Carthage/Build/iOS",
					"$(PROJECT_DIR)/Web\\ Service\\ Example/Carthage/Build/iOS",
				);
				INFOPLIST_FILE = "Web Service Example/Info.plist";
				LD_RUNPATH_SEARCH_PATHS = "$(inherited) @executable_path/Frameworks";
				PRODUCT_BUNDLE_IDENTIFIER = "com.aanyajhaveri.Web-Service-Example";
				PRODUCT_NAME = "$(TARGET_NAME)";
				SWIFT_OBJC_BRIDGING_HEADER = bridge.h;
				SWIFT_VERSION = 3.0;
			};
			name = Release;
		};
/* End XCBuildConfiguration section */

/* Begin XCConfigurationList section */
		382C1CC01F300639000147FB /* Build configuration list for PBXProject "Web Service Example" */ = {
			isa = XCConfigurationList;
			buildConfigurations = (
				382C1CD51F300639000147FB /* Debug */,
				382C1CD61F300639000147FB /* Release */,
			);
			defaultConfigurationIsVisible = 0;
			defaultConfigurationName = Release;
		};
		382C1CD71F300639000147FB /* Build configuration list for PBXNativeTarget "Web Service Example" */ = {
			isa = XCConfigurationList;
			buildConfigurations = (
				382C1CD81F300639000147FB /* Debug */,
				382C1CD91F300639000147FB /* Release */,
			);
			defaultConfigurationIsVisible = 0;
			defaultConfigurationName = Release;
		};
/* End XCConfigurationList section */
	};
	rootObject = 382C1CBD1F300639000147FB /* Project object */;
}
